# Python 3.12; install with --no-deps to respect the pinned DTCC source graph.
affine==3.0.1
aiohappyeyeballs==2.7.1
aiohttp==3.14.3
aiosignal==1.4.0
alabaster==1.0.0
annotated-doc==0.0.5
annotated-types==0.8.0
antlr4-python3-runtime==4.9.3
anyio==4.15.1
arrow==1.4.0
attrs==26.1.0
babel==2.18.0
backports.zstd==1.7.0
branca==0.8.2
certifi==2026.7.22
cffi==2.1.1
CFGraph==0.2.1
chardet==7.6.0
charset-normalizer==3.5.1
click==8.5.0
click-plugins==1.1.1.2
cligj==0.7.2
contourpy==1.4.0
cryptography==50.0.1
curies==0.15.1
cycler==0.12.1
dataclasses-json==0.6.7
Deprecated==1.3.1
docutils==0.22.4
dtcc @ git+https://github.com/dtcc-platform/dtcc.git@1ab7604688a1b03f026e1666a42485df7d082cd2
dtcc-core @ git+https://github.com/dtcc-platform/dtcc-core.git@9b4e9b937bf4ae906832626bc63e5831e0bb151c
dtcc_mesher @ git+https://github.com/dtcc-platform/dtcc-mesher.git@7ada8a89c98dbbedc34213387ee598bd92826f10
earthengine-api==1.7.45
et_xmlfile==2.0.0
fastapi==0.141.1
fiona==1.10.1
folium==0.20.0
fonttools==4.66.0
fqdn==1.5.1
frozenlist==1.8.0
geographiclib==2.1
geopandas==1.1.4
geopy==2.4.1
google-api-core==2.33.0
google-api-python-client==2.200.0
google-auth==2.58.1
google-auth-httplib2==0.4.2
google-cloud-core==2.7.0
google-cloud-storage==3.15.0
google-crc32c==1.9.0
google-resumable-media==2.10.2
googleapis-common-protos==1.75.0
graphviz==0.21
gtfs-realtime-bindings==2.2.0
h11==0.16.0
h5py==3.16.0
hbreader==0.9.1
httplib2==0.32.0
idna==3.20
ImageIO==2.37.4
imagesize==2.0.1
iniconfig==2.3.0
isodate==0.7.2
isoduration==20.11.0
Jinja2==3.1.6
json-flattener==0.1.9
jsonasobj==1.3.1
jsonasobj2==1.0.4
jsonpointer==3.1.1
jsonschema==4.26.0
jsonschema-specifications==2025.9.1
kiwisolver==1.5.1
laspy==2.7.0
lazrs==0.8.2
lazy-loader==0.6
linkml==1.11.1
linkml-runtime==1.11.1
llvmlite==0.49.0
markdown-it-py==4.2.0
MarkupSafe==3.0.3
marshmallow==3.26.2
matplotlib==3.11.2
mdurl==0.1.2
meshio==5.3.5
multidict==6.9.1
mypy_extensions==1.1.0
networkx==3.7
numba==0.67.0
numpy==2.2.6
openpyxl==3.1.5
osmnx==2.1.1
packaging==26.3
pandas==3.0.6
parse==1.22.2
pillow==11.1.0
platformdirs==4.11.13
pluggy==1.6.0
polyforge==0.1.0a9
prefixcommons==0.1.12
prefixmaps==0.2.6
propcache==0.5.4
proto-plus==1.28.2
protobuf==5.29.6
psutil==7.2.2
pvlib==0.15.2
pyasn1==0.6.4
pyasn1_modules==0.4.2
pyassimp==5.2.5
pycparser==3.0
pydantic==2.13.5
pydantic_core==2.46.5
pygltflib==1.16.5
Pygments==2.21.0
PyJSG==0.12.4
pyogrio==0.13.0
pyparsing==3.3.3
pypoints2grid==0.2.2
pyproj==3.7.1
PyShEx==0.9.0
PyShexC==0.10.3.post1
pystow==0.9.5
pytest==9.1.1
pytest-logging==2015.11.4
pythermalcomfort==4.6.0
python-dateutil==2.9.0.post0
pytz==2026.4
PyYAML==6.0.3
rasterio==1.4.3
rasterstats==0.21.0
rdflib==7.6.0
rdflib-jsonld==0.6.1
rdflib-shim==1.0.3
referencing==0.37.0
requests==2.34.2
rfc3339-validator==0.1.4
rfc3987==1.3.8
rich==15.0.0
roman-numerals==4.1.0
rpds-py==2026.6.3
scikit-image==0.26.0
scipy==1.18.1
setuptools==84.0.0
shapely==2.1.2
ShExJSG==0.9.0
simplejson==4.1.2
simplification==1.0.0
six==1.17.0
snowballstemmer==3.1.1
sparqlslurper==0.5.1
SPARQLWrapper==2.0.0
Sphinx==9.1.0
sphinx-click==6.2.0
sphinxcontrib-applehelp==2.0.0
sphinxcontrib-devhelp==2.0.0
sphinxcontrib-htmlhelp==2.1.0
sphinxcontrib-jsmath==1.0.1
sphinxcontrib-qthelp==2.0.0
sphinxcontrib-serializinghtml==2.0.0
SQLAlchemy==2.1.0
starlette==1.7.0
tifffile==2026.9.20
tqdm==4.70.1
trimesh==5.1.0
typing-inspect==0.9.0
typing-inspection==0.4.4
typing_extensions==4.16.0
tzdata==2026.4
uri-template==1.3.0
uritemplate==4.2.0
urllib3==2.8.0
uvicorn==0.53.0
watchdog==6.0.0
webcolors==25.10.0
wrapt==2.4.1
xyzservices==2026.9.1
yarl==1.25.1
